
Microsoft Visual Studio Solution File, Format Version 12.00
# Visual Studio Version 17
VisualStudioVersion = 17.8.34316.72
MinimumVisualStudioVersion = 10.0.40219.1
Project("{9A19103F-16F7-4668-BE54-9A1E7A4F7556}") = "Files", "LearningFiles\Files.csproj", "{66D37B2F-BAD0-48B4-9718-5215C79A765D}"
EndProject
Project("{9A19103F-16F7-4668-BE54-9A1E7A4F7556}") = "Generic1", "LearningGeneric\Generic1.csproj", "{4F52F4F2-62A5-402A-995D-6430E5F91802}"
EndProject
Project("{9A19103F-16F7-4668-BE54-9A1E7A4F7556}") = "Generic2", "Generic2\Generic2.csproj", "{0EF6AB22-B56C-4401-BC0E-C2AC04F508EB}"
EndProject
Project("{9A19103F-16F7-4668-BE54-9A1E7A4F7556}") = "Generic3", "Generic3\Generic3.csproj", "{4294EC4D-D8E1-4B71-8A7E-82CB72833100}"
EndProject
Project("{9A19103F-16F7-4668-BE54-9A1E7A4F7556}") = "Exceptions", "Exceptions\Exceptions.csproj", "{62297302-768C-4A45-9A33-60113EF42B3B}"
EndProject
Project("{9A19103F-16F7-4668-BE54-9A1E7A4F7556}") = "ExtensionMethods", "ExtensionMethods\ExtensionMethods.csproj", "{F0EEEFEA-E183-4A86-81EB-49BDCDF1CE65}"
EndProject
Project("{9A19103F-16F7-4668-BE54-9A1E7A4F7556}") = "Delegates", "Delegates\Delegates.csproj", "{AABA7F3E-0D60-4114-BD60-1C19C817F8B1}"
EndProject
Project("{9A19103F-16F7-4668-BE54-9A1E7A4F7556}") = "AnonymousMethods", "AnonymousMethods\AnonymousMethods.csproj", "{C2FA17A7-054B-44D7-B979-E70C3733C815}"
EndProject
Project("{9A19103F-16F7-4668-BE54-9A1E7A4F7556}") = "Lamda&Linq", "Lamda&Linq\Lamda&Linq.csproj", "{BDF77529-A6D8-4D95-B89D-D54C98BA03F6}"
EndProject
Project("{9A19103F-16F7-4668-BE54-9A1E7A4F7556}") = "Interfaces", "Interfaces\Interfaces.csproj", "{9905BA7E-E8EC-4D01-8149-1C55A8C9436E}"
EndProject
Project("{9A19103F-16F7-4668-BE54-9A1E7A4F7556}") = "LearningEnum", "Enum\LearningEnum.csproj", "{690DE595-843C-40FA-A865-9DA3CF4FB980}"
EndProject
Project("{9A19103F-16F7-4668-BE54-9A1E7A4F7556}") = "ATM", "ATM\ATM.csproj", "{D69191F9-486D-45DB-90A9-14C362261659}"
EndProject
Project("{9A19103F-16F7-4668-BE54-9A1E7A4F7556}") = "AsyncAwait", "AsyncAwait\AsyncAwait.csproj", "{FF846B43-E027-4200-A425-498CA88C37F8}"
EndProject
Project("{9A19103F-16F7-4668-BE54-9A1E7A4F7556}") = "Restaurant", "Restaurant\Restaurant.csproj", "{D88A4F04-E797-4654-B590-E2491185ABC9}"
EndProject
Project("{9A19103F-16F7-4668-BE54-9A1E7A4F7556}") = "EntityFrameworkProject", "EntityFrameworkProject\EntityFrameworkProject.csproj", "{BD9F47C3-C141-4384-8910-432C993C8966}"
EndProject
Project("{9A19103F-16F7-4668-BE54-9A1E7A4F7556}") = "MangoDbProject", "MangoDbProject\MangoDbProject.csproj", "{E97EED16-C555-4BD0-9012-A3B8258092E9}"
EndProject
Project("{9A19103F-16F7-4668-BE54-9A1E7A4F7556}") = "RobotMongo", "RobotMongo\RobotMongo.csproj", "{84C69A74-DFE3-4AE8-8B30-72A281EDDDC5}"
EndProject
Project("{9A19103F-16F7-4668-BE54-9A1E7A4F7556}") = "EntityFrameworkTask2", "EntityFrameworkTask2\EntityFrameworkTask2.csproj", "{CC5136C8-A4B0-458F-A9ED-CF7A79C5F012}"
EndProject
Project("{2150E333-8FDC-42A3-9474-1A3956D46DE8}") = "DB", "DB", "{4D07A808-1474-4EAD-BB84-32641E3FBD9A}"
EndProject
Project("{2150E333-8FDC-42A3-9474-1A3956D46DE8}") = "Project", "Project", "{C1D5CD8A-38B1-47BF-A6D0-C2074A61B912}"
EndProject
Project("{9A19103F-16F7-4668-BE54-9A1E7A4F7556}") = "StudentInformationSystem", "StudentInformationSystem\StudentInformationSystem.csproj", "{B245C163-8312-4569-AA24-907C8BCD4B04}"
EndProject
Project("{2150E333-8FDC-42A3-9474-1A3956D46DE8}") = "Testing", "Testing", "{F192EACD-1A58-4A74-866A-E667CFDD7C15}"
EndProject
Project("{9A19103F-16F7-4668-BE54-9A1E7A4F7556}") = "Calculator", "Calculator\Calculator.csproj", "{21ED7546-626E-4476-BC43-7C2CB27CE04C}"
EndProject
Project("{9A19103F-16F7-4668-BE54-9A1E7A4F7556}") = "CalculatorTests", "CalculatorTests\CalculatorTests.csproj", "{7587388F-5F6F-4CF8-A09A-601775ED5DF2}"
EndProject
Project("{9A19103F-16F7-4668-BE54-9A1E7A4F7556}") = "StudentInformationSystemIntegrationTests.cs", "StudentInformationSystemIntegrationTests.cs\StudentInformationSystemIntegrationTests.cs.csproj", "{68AD15C5-921B-4175-937A-22442D0A06AE}"
	ProjectSection(ProjectDependencies) = postProject
		{B245C163-8312-4569-AA24-907C8BCD4B04} = {B245C163-8312-4569-AA24-907C8BCD4B04}
	EndProjectSection
EndProject
Project("{2150E333-8FDC-42A3-9474-1A3956D46DE8}") = "WebApis", "WebApis", "{D30F5EAF-21AD-40C4-A141-B29FED164B46}"
EndProject
Project("{9A19103F-16F7-4668-BE54-9A1E7A4F7556}") = "BasicWebApi", "BasicWebApi\BasicWebApi.csproj", "{350BAB5C-635A-48A5-8CB6-0F91E751B78E}"
EndProject
Project("{9A19103F-16F7-4668-BE54-9A1E7A4F7556}") = "ProductDependencyInjection", "ProductDependencyInjection\ProductDependencyInjection.csproj", "{F666F0DB-BE90-4171-A12F-386A2D43A8BC}"
EndProject
Project("{9A19103F-16F7-4668-BE54-9A1E7A4F7556}") = "Cars", "Cars\Cars.csproj", "{C03C9918-603A-42D5-97B3-DFF69520FA1F}"
EndProject
Project("{9A19103F-16F7-4668-BE54-9A1E7A4F7556}") = "WeatherInformation", "WeatherInformation\WeatherInformation.csproj", "{B7D53237-2D3B-4360-BBCA-94AC209A14B1}"
EndProject
Project("{9A19103F-16F7-4668-BE54-9A1E7A4F7556}") = "CarsTests1", "CarsTests1\CarsTests1.csproj", "{260D0058-D345-47F3-8B93-845A0D187CBA}"
EndProject
Project("{9A19103F-16F7-4668-BE54-9A1E7A4F7556}") = "UnitTestPracticeApplication", "UnitTestPracticeApplication\UnitTestPracticeApplication\UnitTestPracticeApplication.csproj", "{C6F1BCE4-2739-4AE0-B3AF-64D78D2DBF48}"
EndProject
Project("{9A19103F-16F7-4668-BE54-9A1E7A4F7556}") = "UnitTestPracticeApplicationTests", "UnitTestPracticeApplicationTests\UnitTestPracticeApplicationTests.csproj", "{55DBC828-3FED-4E9B-BE70-F7C2AFDEA7D5}"
EndProject
Project("{FAE04EC0-301F-11D3-BF4B-00C04F79EFBC}") = "CallApi", "CallApi\CallApi.csproj", "{480952D3-FE31-45B0-982A-B9113A75602A}"
EndProject
Global
	GlobalSection(SolutionConfigurationPlatforms) = preSolution
		Debug|Any CPU = Debug|Any CPU
		Release|Any CPU = Release|Any CPU
	EndGlobalSection
	GlobalSection(ProjectConfigurationPlatforms) = postSolution
		{66D37B2F-BAD0-48B4-9718-5215C79A765D}.Debug|Any CPU.ActiveCfg = Debug|Any CPU
		{66D37B2F-BAD0-48B4-9718-5215C79A765D}.Debug|Any CPU.Build.0 = Debug|Any CPU
		{66D37B2F-BAD0-48B4-9718-5215C79A765D}.Release|Any CPU.ActiveCfg = Release|Any CPU
		{66D37B2F-BAD0-48B4-9718-5215C79A765D}.Release|Any CPU.Build.0 = Release|Any CPU
		{4F52F4F2-62A5-402A-995D-6430E5F91802}.Debug|Any CPU.ActiveCfg = Debug|Any CPU
		{4F52F4F2-62A5-402A-995D-6430E5F91802}.Debug|Any CPU.Build.0 = Debug|Any CPU
		{4F52F4F2-62A5-402A-995D-6430E5F91802}.Release|Any CPU.ActiveCfg = Release|Any CPU
		{4F52F4F2-62A5-402A-995D-6430E5F91802}.Release|Any CPU.Build.0 = Release|Any CPU
		{0EF6AB22-B56C-4401-BC0E-C2AC04F508EB}.Debug|Any CPU.ActiveCfg = Debug|Any CPU
		{0EF6AB22-B56C-4401-BC0E-C2AC04F508EB}.Debug|Any CPU.Build.0 = Debug|Any CPU
		{0EF6AB22-B56C-4401-BC0E-C2AC04F508EB}.Release|Any CPU.ActiveCfg = Release|Any CPU
		{0EF6AB22-B56C-4401-BC0E-C2AC04F508EB}.Release|Any CPU.Build.0 = Release|Any CPU
		{4294EC4D-D8E1-4B71-8A7E-82CB72833100}.Debug|Any CPU.ActiveCfg = Debug|Any CPU
		{4294EC4D-D8E1-4B71-8A7E-82CB72833100}.Debug|Any CPU.Build.0 = Debug|Any CPU
		{4294EC4D-D8E1-4B71-8A7E-82CB72833100}.Release|Any CPU.ActiveCfg = Release|Any CPU
		{4294EC4D-D8E1-4B71-8A7E-82CB72833100}.Release|Any CPU.Build.0 = Release|Any CPU
		{62297302-768C-4A45-9A33-60113EF42B3B}.Debug|Any CPU.ActiveCfg = Debug|Any CPU
		{62297302-768C-4A45-9A33-60113EF42B3B}.Debug|Any CPU.Build.0 = Debug|Any CPU
		{62297302-768C-4A45-9A33-60113EF42B3B}.Release|Any CPU.ActiveCfg = Release|Any CPU
		{62297302-768C-4A45-9A33-60113EF42B3B}.Release|Any CPU.Build.0 = Release|Any CPU
		{F0EEEFEA-E183-4A86-81EB-49BDCDF1CE65}.Debug|Any CPU.ActiveCfg = Debug|Any CPU
		{F0EEEFEA-E183-4A86-81EB-49BDCDF1CE65}.Debug|Any CPU.Build.0 = Debug|Any CPU
		{F0EEEFEA-E183-4A86-81EB-49BDCDF1CE65}.Release|Any CPU.ActiveCfg = Release|Any CPU
		{F0EEEFEA-E183-4A86-81EB-49BDCDF1CE65}.Release|Any CPU.Build.0 = Release|Any CPU
		{AABA7F3E-0D60-4114-BD60-1C19C817F8B1}.Debug|Any CPU.ActiveCfg = Debug|Any CPU
		{AABA7F3E-0D60-4114-BD60-1C19C817F8B1}.Debug|Any CPU.Build.0 = Debug|Any CPU
		{AABA7F3E-0D60-4114-BD60-1C19C817F8B1}.Release|Any CPU.ActiveCfg = Release|Any CPU
		{AABA7F3E-0D60-4114-BD60-1C19C817F8B1}.Release|Any CPU.Build.0 = Release|Any CPU
		{C2FA17A7-054B-44D7-B979-E70C3733C815}.Debug|Any CPU.ActiveCfg = Debug|Any CPU
		{C2FA17A7-054B-44D7-B979-E70C3733C815}.Debug|Any CPU.Build.0 = Debug|Any CPU
		{C2FA17A7-054B-44D7-B979-E70C3733C815}.Release|Any CPU.ActiveCfg = Release|Any CPU
		{C2FA17A7-054B-44D7-B979-E70C3733C815}.Release|Any CPU.Build.0 = Release|Any CPU
		{BDF77529-A6D8-4D95-B89D-D54C98BA03F6}.Debug|Any CPU.ActiveCfg = Debug|Any CPU
		{BDF77529-A6D8-4D95-B89D-D54C98BA03F6}.Debug|Any CPU.Build.0 = Debug|Any CPU
		{BDF77529-A6D8-4D95-B89D-D54C98BA03F6}.Release|Any CPU.ActiveCfg = Release|Any CPU
		{BDF77529-A6D8-4D95-B89D-D54C98BA03F6}.Release|Any CPU.Build.0 = Release|Any CPU
		{9905BA7E-E8EC-4D01-8149-1C55A8C9436E}.Debug|Any CPU.ActiveCfg = Debug|Any CPU
		{9905BA7E-E8EC-4D01-8149-1C55A8C9436E}.Debug|Any CPU.Build.0 = Debug|Any CPU
		{9905BA7E-E8EC-4D01-8149-1C55A8C9436E}.Release|Any CPU.ActiveCfg = Release|Any CPU
		{9905BA7E-E8EC-4D01-8149-1C55A8C9436E}.Release|Any CPU.Build.0 = Release|Any CPU
		{690DE595-843C-40FA-A865-9DA3CF4FB980}.Debug|Any CPU.ActiveCfg = Debug|Any CPU
		{690DE595-843C-40FA-A865-9DA3CF4FB980}.Debug|Any CPU.Build.0 = Debug|Any CPU
		{690DE595-843C-40FA-A865-9DA3CF4FB980}.Release|Any CPU.ActiveCfg = Release|Any CPU
		{690DE595-843C-40FA-A865-9DA3CF4FB980}.Release|Any CPU.Build.0 = Release|Any CPU
		{D69191F9-486D-45DB-90A9-14C362261659}.Debug|Any CPU.ActiveCfg = Debug|Any CPU
		{D69191F9-486D-45DB-90A9-14C362261659}.Debug|Any CPU.Build.0 = Debug|Any CPU
		{D69191F9-486D-45DB-90A9-14C362261659}.Release|Any CPU.ActiveCfg = Release|Any CPU
		{D69191F9-486D-45DB-90A9-14C362261659}.Release|Any CPU.Build.0 = Release|Any CPU
		{FF846B43-E027-4200-A425-498CA88C37F8}.Debug|Any CPU.ActiveCfg = Debug|Any CPU
		{FF846B43-E027-4200-A425-498CA88C37F8}.Debug|Any CPU.Build.0 = Debug|Any CPU
		{FF846B43-E027-4200-A425-498CA88C37F8}.Release|Any CPU.ActiveCfg = Release|Any CPU
		{FF846B43-E027-4200-A425-498CA88C37F8}.Release|Any CPU.Build.0 = Release|Any CPU
		{D88A4F04-E797-4654-B590-E2491185ABC9}.Debug|Any CPU.ActiveCfg = Debug|Any CPU
		{D88A4F04-E797-4654-B590-E2491185ABC9}.Debug|Any CPU.Build.0 = Debug|Any CPU
		{D88A4F04-E797-4654-B590-E2491185ABC9}.Release|Any CPU.ActiveCfg = Release|Any CPU
		{D88A4F04-E797-4654-B590-E2491185ABC9}.Release|Any CPU.Build.0 = Release|Any CPU
		{BD9F47C3-C141-4384-8910-432C993C8966}.Debug|Any CPU.ActiveCfg = Debug|Any CPU
		{BD9F47C3-C141-4384-8910-432C993C8966}.Debug|Any CPU.Build.0 = Debug|Any CPU
		{BD9F47C3-C141-4384-8910-432C993C8966}.Release|Any CPU.ActiveCfg = Release|Any CPU
		{BD9F47C3-C141-4384-8910-432C993C8966}.Release|Any CPU.Build.0 = Release|Any CPU
		{E97EED16-C555-4BD0-9012-A3B8258092E9}.Debug|Any CPU.ActiveCfg = Debug|Any CPU
		{E97EED16-C555-4BD0-9012-A3B8258092E9}.Debug|Any CPU.Build.0 = Debug|Any CPU
		{E97EED16-C555-4BD0-9012-A3B8258092E9}.Release|Any CPU.ActiveCfg = Release|Any CPU
		{E97EED16-C555-4BD0-9012-A3B8258092E9}.Release|Any CPU.Build.0 = Release|Any CPU
		{84C69A74-DFE3-4AE8-8B30-72A281EDDDC5}.Debug|Any CPU.ActiveCfg = Debug|Any CPU
		{84C69A74-DFE3-4AE8-8B30-72A281EDDDC5}.Debug|Any CPU.Build.0 = Debug|Any CPU
		{84C69A74-DFE3-4AE8-8B30-72A281EDDDC5}.Release|Any CPU.ActiveCfg = Release|Any CPU
		{84C69A74-DFE3-4AE8-8B30-72A281EDDDC5}.Release|Any CPU.Build.0 = Release|Any CPU
		{CC5136C8-A4B0-458F-A9ED-CF7A79C5F012}.Debug|Any CPU.ActiveCfg = Debug|Any CPU
		{CC5136C8-A4B0-458F-A9ED-CF7A79C5F012}.Debug|Any CPU.Build.0 = Debug|Any CPU
		{CC5136C8-A4B0-458F-A9ED-CF7A79C5F012}.Release|Any CPU.ActiveCfg = Release|Any CPU
		{CC5136C8-A4B0-458F-A9ED-CF7A79C5F012}.Release|Any CPU.Build.0 = Release|Any CPU
		{B245C163-8312-4569-AA24-907C8BCD4B04}.Debug|Any CPU.ActiveCfg = Debug|Any CPU
		{B245C163-8312-4569-AA24-907C8BCD4B04}.Debug|Any CPU.Build.0 = Debug|Any CPU
		{B245C163-8312-4569-AA24-907C8BCD4B04}.Release|Any CPU.ActiveCfg = Release|Any CPU
		{B245C163-8312-4569-AA24-907C8BCD4B04}.Release|Any CPU.Build.0 = Release|Any CPU
		{21ED7546-626E-4476-BC43-7C2CB27CE04C}.Debug|Any CPU.ActiveCfg = Debug|Any CPU
		{21ED7546-626E-4476-BC43-7C2CB27CE04C}.Debug|Any CPU.Build.0 = Debug|Any CPU
		{21ED7546-626E-4476-BC43-7C2CB27CE04C}.Release|Any CPU.ActiveCfg = Release|Any CPU
		{21ED7546-626E-4476-BC43-7C2CB27CE04C}.Release|Any CPU.Build.0 = Release|Any CPU
		{7587388F-5F6F-4CF8-A09A-601775ED5DF2}.Debug|Any CPU.ActiveCfg = Debug|Any CPU
		{7587388F-5F6F-4CF8-A09A-601775ED5DF2}.Debug|Any CPU.Build.0 = Debug|Any CPU
		{7587388F-5F6F-4CF8-A09A-601775ED5DF2}.Release|Any CPU.ActiveCfg = Release|Any CPU
		{7587388F-5F6F-4CF8-A09A-601775ED5DF2}.Release|Any CPU.Build.0 = Release|Any CPU
		{68AD15C5-921B-4175-937A-22442D0A06AE}.Debug|Any CPU.ActiveCfg = Debug|Any CPU
		{68AD15C5-921B-4175-937A-22442D0A06AE}.Debug|Any CPU.Build.0 = Debug|Any CPU
		{68AD15C5-921B-4175-937A-22442D0A06AE}.Release|Any CPU.ActiveCfg = Release|Any CPU
		{68AD15C5-921B-4175-937A-22442D0A06AE}.Release|Any CPU.Build.0 = Release|Any CPU
		{350BAB5C-635A-48A5-8CB6-0F91E751B78E}.Debug|Any CPU.ActiveCfg = Debug|Any CPU
		{350BAB5C-635A-48A5-8CB6-0F91E751B78E}.Debug|Any CPU.Build.0 = Debug|Any CPU
		{350BAB5C-635A-48A5-8CB6-0F91E751B78E}.Release|Any CPU.ActiveCfg = Release|Any CPU
		{350BAB5C-635A-48A5-8CB6-0F91E751B78E}.Release|Any CPU.Build.0 = Release|Any CPU
		{F666F0DB-BE90-4171-A12F-386A2D43A8BC}.Debug|Any CPU.ActiveCfg = Debug|Any CPU
		{F666F0DB-BE90-4171-A12F-386A2D43A8BC}.Debug|Any CPU.Build.0 = Debug|Any CPU
		{F666F0DB-BE90-4171-A12F-386A2D43A8BC}.Release|Any CPU.ActiveCfg = Release|Any CPU
		{F666F0DB-BE90-4171-A12F-386A2D43A8BC}.Release|Any CPU.Build.0 = Release|Any CPU
		{C03C9918-603A-42D5-97B3-DFF69520FA1F}.Debug|Any CPU.ActiveCfg = Debug|Any CPU
		{C03C9918-603A-42D5-97B3-DFF69520FA1F}.Debug|Any CPU.Build.0 = Debug|Any CPU
		{C03C9918-603A-42D5-97B3-DFF69520FA1F}.Release|Any CPU.ActiveCfg = Release|Any CPU
		{C03C9918-603A-42D5-97B3-DFF69520FA1F}.Release|Any CPU.Build.0 = Release|Any CPU
		{B7D53237-2D3B-4360-BBCA-94AC209A14B1}.Debug|Any CPU.ActiveCfg = Debug|Any CPU
		{B7D53237-2D3B-4360-BBCA-94AC209A14B1}.Debug|Any CPU.Build.0 = Debug|Any CPU
		{B7D53237-2D3B-4360-BBCA-94AC209A14B1}.Release|Any CPU.ActiveCfg = Release|Any CPU
		{B7D53237-2D3B-4360-BBCA-94AC209A14B1}.Release|Any CPU.Build.0 = Release|Any CPU
		{260D0058-D345-47F3-8B93-845A0D187CBA}.Debug|Any CPU.ActiveCfg = Debug|Any CPU
		{260D0058-D345-47F3-8B93-845A0D187CBA}.Debug|Any CPU.Build.0 = Debug|Any CPU
		{260D0058-D345-47F3-8B93-845A0D187CBA}.Release|Any CPU.ActiveCfg = Release|Any CPU
		{260D0058-D345-47F3-8B93-845A0D187CBA}.Release|Any CPU.Build.0 = Release|Any CPU
		{C6F1BCE4-2739-4AE0-B3AF-64D78D2DBF48}.Debug|Any CPU.ActiveCfg = Debug|Any CPU
		{C6F1BCE4-2739-4AE0-B3AF-64D78D2DBF48}.Debug|Any CPU.Build.0 = Debug|Any CPU
		{C6F1BCE4-2739-4AE0-B3AF-64D78D2DBF48}.Release|Any CPU.ActiveCfg = Release|Any CPU
		{C6F1BCE4-2739-4AE0-B3AF-64D78D2DBF48}.Release|Any CPU.Build.0 = Release|Any CPU
		{55DBC828-3FED-4E9B-BE70-F7C2AFDEA7D5}.Debug|Any CPU.ActiveCfg = Debug|Any CPU
		{55DBC828-3FED-4E9B-BE70-F7C2AFDEA7D5}.Debug|Any CPU.Build.0 = Debug|Any CPU
		{55DBC828-3FED-4E9B-BE70-F7C2AFDEA7D5}.Release|Any CPU.ActiveCfg = Release|Any CPU
		{55DBC828-3FED-4E9B-BE70-F7C2AFDEA7D5}.Release|Any CPU.Build.0 = Release|Any CPU
		{480952D3-FE31-45B0-982A-B9113A75602A}.Debug|Any CPU.ActiveCfg = Debug|Any CPU
		{480952D3-FE31-45B0-982A-B9113A75602A}.Debug|Any CPU.Build.0 = Debug|Any CPU
		{480952D3-FE31-45B0-982A-B9113A75602A}.Release|Any CPU.ActiveCfg = Release|Any CPU
		{480952D3-FE31-45B0-982A-B9113A75602A}.Release|Any CPU.Build.0 = Release|Any CPU
	EndGlobalSection
	GlobalSection(SolutionProperties) = preSolution
		HideSolutionNode = FALSE
	EndGlobalSection
	GlobalSection(NestedProjects) = preSolution
		{D69191F9-486D-45DB-90A9-14C362261659} = {C1D5CD8A-38B1-47BF-A6D0-C2074A61B912}
		{D88A4F04-E797-4654-B590-E2491185ABC9} = {C1D5CD8A-38B1-47BF-A6D0-C2074A61B912}
		{BD9F47C3-C141-4384-8910-432C993C8966} = {4D07A808-1474-4EAD-BB84-32641E3FBD9A}
		{E97EED16-C555-4BD0-9012-A3B8258092E9} = {4D07A808-1474-4EAD-BB84-32641E3FBD9A}
		{84C69A74-DFE3-4AE8-8B30-72A281EDDDC5} = {4D07A808-1474-4EAD-BB84-32641E3FBD9A}
		{CC5136C8-A4B0-458F-A9ED-CF7A79C5F012} = {4D07A808-1474-4EAD-BB84-32641E3FBD9A}
		{B245C163-8312-4569-AA24-907C8BCD4B04} = {C1D5CD8A-38B1-47BF-A6D0-C2074A61B912}
		{21ED7546-626E-4476-BC43-7C2CB27CE04C} = {F192EACD-1A58-4A74-866A-E667CFDD7C15}
		{7587388F-5F6F-4CF8-A09A-601775ED5DF2} = {F192EACD-1A58-4A74-866A-E667CFDD7C15}
		{68AD15C5-921B-4175-937A-22442D0A06AE} = {C1D5CD8A-38B1-47BF-A6D0-C2074A61B912}
		{350BAB5C-635A-48A5-8CB6-0F91E751B78E} = {D30F5EAF-21AD-40C4-A141-B29FED164B46}
		{F666F0DB-BE90-4171-A12F-386A2D43A8BC} = {D30F5EAF-21AD-40C4-A141-B29FED164B46}
		{C03C9918-603A-42D5-97B3-DFF69520FA1F} = {D30F5EAF-21AD-40C4-A141-B29FED164B46}
		{B7D53237-2D3B-4360-BBCA-94AC209A14B1} = {D30F5EAF-21AD-40C4-A141-B29FED164B46}
		{260D0058-D345-47F3-8B93-845A0D187CBA} = {D30F5EAF-21AD-40C4-A141-B29FED164B46}
		{C6F1BCE4-2739-4AE0-B3AF-64D78D2DBF48} = {D30F5EAF-21AD-40C4-A141-B29FED164B46}
		{55DBC828-3FED-4E9B-BE70-F7C2AFDEA7D5} = {D30F5EAF-21AD-40C4-A141-B29FED164B46}
		{480952D3-FE31-45B0-982A-B9113A75602A} = {D30F5EAF-21AD-40C4-A141-B29FED164B46}
	EndGlobalSection
	GlobalSection(ExtensibilityGlobals) = postSolution
		SolutionGuid = {106B8673-974A-4162-BEE2-E65C40B90C41}
	EndGlobalSection
EndGlobal
