
Microsoft Visual Studio Solution File, Format Version 12.00
# Visual Studio Version 17
VisualStudioVersion = 17.0.32014.148
MinimumVisualStudioVersion = 10.0.40219.1
Project("{FAE04EC0-301F-11D3-BF4B-00C04F79EFBC}") = "UnitTestPracticeApplication", "UnitTestPracticeApplication\UnitTestPracticeApplication.csproj", "{0485ACCD-74C4-4144-A6EB-D7FDB774D643}"
EndProject
Global
	GlobalSection(SolutionConfigurationPlatforms) = preSolution
		Debug|Any CPU = Debug|Any CPU
		Release|Any CPU = Release|Any CPU
	EndGlobalSection
	GlobalSection(ProjectConfigurationPlatforms) = postSolution
		{0485ACCD-74C4-4144-A6EB-D7FDB774D643}.Debug|Any CPU.ActiveCfg = Debug|Any CPU
		{0485ACCD-74C4-4144-A6EB-D7FDB774D643}.Debug|Any CPU.Build.0 = Debug|Any CPU
		{0485ACCD-74C4-4144-A6EB-D7FDB774D643}.Release|Any CPU.ActiveCfg = Release|Any CPU
		{0485ACCD-74C4-4144-A6EB-D7FDB774D643}.Release|Any CPU.Build.0 = Release|Any CPU
	EndGlobalSection
	GlobalSection(SolutionProperties) = preSolution
		HideSolutionNode = FALSE
	EndGlobalSection
	GlobalSection(ExtensibilityGlobals) = postSolution
		SolutionGuid = {7682EEB5-905B-40F3-B134-C22610DA896C}
	EndGlobalSection
EndGlobal
